
Microsoft Visual Studio Solution File, Format Version 12.00
# Visual Studio Version 17
VisualStudioVersion = 17.3.32922.545
MinimumVisualStudioVersion = 10.0.40219.1
Project("{FAE04EC0-301F-11D3-BF4B-00C04F79EFBC}") = "CloudflareDynDNS", "CloudflareDynDNS.csproj", "{94F254DF-FAAD-4F41-8DC5-D75F7C3707EB}"
EndProject
Global
	GlobalSection(SolutionConfigurationPlatforms) = preSolution
		Debug|Any CPU = Debug|Any CPU
		Release|Any CPU = Release|Any CPU
	EndGlobalSection
	GlobalSection(ProjectConfigurationPlatforms) = postSolution
		{94F254DF-FAAD-4F41-8DC5-D75F7C3707EB}.Debug|Any CPU.ActiveCfg = Debug|Any CPU
		{94F254DF-FAAD-4F41-8DC5-D75F7C3707EB}.Debug|Any CPU.Build.0 = Debug|Any CPU
		{94F254DF-FAAD-4F41-8DC5-D75F7C3707EB}.Release|Any CPU.ActiveCfg = Release|Any CPU
		{94F254DF-FAAD-4F41-8DC5-D75F7C3707EB}.Release|Any CPU.Build.0 = Release|Any CPU
	EndGlobalSection
	GlobalSection(SolutionProperties) = preSolution
		HideSolutionNode = FALSE
	EndGlobalSection
	GlobalSection(ExtensibilityGlobals) = postSolution
		SolutionGuid = {5B28832F-08FE-43E6-AC34-CF36F3311303}
	EndGlobalSection
EndGlobal
